<Solution>
  <Folder Name="/src/" />
  <Folder Name="/src/Atendimento/">
    <Project Path="src/Atendimento/OficinaMecanica.Atendimento.Domain/OficinaMecanica.Atendimento.Domain.csproj" />
    <Project Path="src/Atendimento/OficinaMecanica.Atendimento.Application/OficinaMecanica.Atendimento.Application.csproj" />
    <Project Path="src/Atendimento/OficinaMecanica.Atendimento.Infrastructure/OficinaMecanica.Atendimento.Infrastructure.csproj" />
    <Project Path="src/Atendimento/OficinaMecanica.Atendimento.API/OficinaMecanica.Atendimento.API.csproj" />
  </Folder>
  <Folder Name="/src/Estoque/">
    <Project Path="src/Estoque/OficinaMecanica.Estoque.API/OficinaMecanica.Estoque.API.csproj" />
    <Project Path="src/Estoque/OficinaMecanica.Estoque.Application/OficinaMecanica.Estoque.Application.csproj" />
    <Project Path="src/Estoque/OficinaMecanica.Estoque.Domain/OficinaMecanica.Estoque.Domain.csproj" />
    <Project Path="src/Estoque/OficinaMecanica.Estoque.Infrastructure/OficinaMecanica.Estoque.Infrastructure.csproj" />
  </Folder>
  <Folder Name="/tests/" />
  <Folder Name="/tests/Atendimento/">
    <Project Path="tests/Atendimento/OficinaMecanica.Atendimento.UnitTests/OficinaMecanica.Atendimento.UnitTests.csproj" />
    <Project Path="tests/Atendimento/OficinaMecanica.Atendimento.IntegrationTests/OficinaMecanica.Atendimento.IntegrationTests.csproj" />
  </Folder>
  <Folder Name="/tests/Estoque/">
    <Project Path="tests/Estoque/OficinaMecanica.Estoque.IntegrationTests/OficinaMecanica.Estoque.IntegrationTests.csproj" />
    <Project Path="tests/Estoque/OficinaMecanica.Estoque.UnitTests/OficinaMecanica.Estoque.UnitTests.csproj" />
  </Folder>
</Solution>
