<Solution>
  <Folder Name="/src/Atendimento/">
    <Project Path="src/Atendimento/OficinaMecanica.Atendimento.Domain/OficinaMecanica.Atendimento.Domain.csproj" />
    <Project Path="src/Atendimento/OficinaMecanica.Atendimento.Application/OficinaMecanica.Atendimento.Application.csproj" />
    <Project Path="src/Atendimento/OficinaMecanica.Atendimento.Infrastructure/OficinaMecanica.Atendimento.Infrastructure.csproj" />
    <Project Path="src/Atendimento/OficinaMecanica.Atendimento.API/OficinaMecanica.Atendimento.API.csproj" />
  </Folder>
  <Folder Name="/tests/Atendimento/">
    <Project Path="tests/Atendimento/OficinaMecanica.Atendimento.UnitTests/OficinaMecanica.Atendimento.UnitTests.csproj" />
    <Project Path="tests/Atendimento/OficinaMecanica.Atendimento.IntegrationTests/OficinaMecanica.Atendimento.IntegrationTests.csproj" />
  </Folder>
</Solution>
